{
  "originHash" : "8cae8fdb642df52c6d9486a7c2752ec0b1deb04415e444771df9b401cbc40e78",
  "pins" : [
    {
      "identity" : "lottie-ios",
      "kind" : "remoteSourceControl",
      "location" : "https://github.com/airbnb/lottie-ios",
      "state" : {
        "revision" : "769b88d83a42ca8d5572b020c96f47e3690b3796",
        "version" : "4.4.3"
      }
    },
    {
      "identity" : "swiftlayoutkit",
      "kind" : "remoteSourceControl",
      "location" : "https://github.com/kyletaylor94/SwiftLayoutKit",
      "state" : {
        "branch" : "main",
        "revision" : "79b55e459fecba9a0a690675599df9b3325c971d"
      }
    }
  ],
  "version" : 3
}
